
Microsoft Visual Studio Solution File, Format Version 12.00
# Visual Studio Version 16
VisualStudioVersion = 16.0.30309.148
MinimumVisualStudioVersion = 10.0.40219.1
Project("{FAE04EC0-301F-11D3-BF4B-00C04F79EFBC}") = "DBSchool", "DBSchool\DBSchool.csproj", "{CF5BB37F-CB99-4C50-8EAB-C1DB8BCA4E3A}"
EndProject
Global
	GlobalSection(SolutionConfigurationPlatforms) = preSolution
		Debug|Any CPU = Debug|Any CPU
		Release|Any CPU = Release|Any CPU
	EndGlobalSection
	GlobalSection(ProjectConfigurationPlatforms) = postSolution
		{CF5BB37F-CB99-4C50-8EAB-C1DB8BCA4E3A}.Debug|Any CPU.ActiveCfg = Debug|Any CPU
		{CF5BB37F-CB99-4C50-8EAB-C1DB8BCA4E3A}.Debug|Any CPU.Build.0 = Debug|Any CPU
		{CF5BB37F-CB99-4C50-8EAB-C1DB8BCA4E3A}.Release|Any CPU.ActiveCfg = Release|Any CPU
		{CF5BB37F-CB99-4C50-8EAB-C1DB8BCA4E3A}.Release|Any CPU.Build.0 = Release|Any CPU
	EndGlobalSection
	GlobalSection(SolutionProperties) = preSolution
		HideSolutionNode = FALSE
	EndGlobalSection
	GlobalSection(ExtensibilityGlobals) = postSolution
		SolutionGuid = {631CF673-79CF-4EBC-9C64-A70049E53E0E}
	EndGlobalSection
EndGlobal
